// !$*UTF8*$!
{
	archiveVersion = 1;
	classes = {
	};
	objectVersion = 46;
	objects = {

/* Begin PBXBuildFile section */
		200A854C1C0200B200477933 /* InitialViewController.swift in Sources */ = {isa = PBXBuildFile; fileRef = 200A854B1C0200B200477933 /* InitialViewController.swift */; };
		202529801C02079E00929C1F /* AVKit.framework in Frameworks */ = {isa = PBXBuildFile; fileRef = 2025297F1C02079E00929C1F /* AVKit.framework */; };
		2025298F1C02411C00929C1F /* TopCollectionDatasource.swift in Sources */ = {isa = PBXBuildFile; fileRef = 2025298E1C02411C00929C1F /* TopCollectionDatasource.swift */; };
		2025299B1C02436400929C1F /* test-landscape.mp4 in Resources */ = {isa = PBXBuildFile; fileRef = 202529961C02436400929C1F /* test-landscape.mp4 */; };
		2025299C1C02436400929C1F /* Assets.xcassets in Resources */ = {isa = PBXBuildFile; fileRef = 202529971C02436400929C1F /* Assets.xcassets */; };
		202529B91C050E1000929C1F /* InfiniteCarousel.swift in Sources */ = {isa = PBXBuildFile; fileRef = 202529B81C050E1000929C1F /* InfiniteCarousel.swift */; };
		208BDCFE1BFE6310008E4EA1 /* AppDelegate.swift in Sources */ = {isa = PBXBuildFile; fileRef = 208BDCFD1BFE6310008E4EA1 /* AppDelegate.swift */; };
		208BDD001BFE6310008E4EA1 /* MainViewController.swift in Sources */ = {isa = PBXBuildFile; fileRef = 208BDCFF1BFE6310008E4EA1 /* MainViewController.swift */; };
		208BDD031BFE6310008E4EA1 /* Main.storyboard in Resources */ = {isa = PBXBuildFile; fileRef = 208BDD011BFE6310008E4EA1 /* Main.storyboard */; };
		20E029541C05179800664BED /* iCarousel.m in Sources */ = {isa = PBXBuildFile; fileRef = 20E029531C05179800664BED /* iCarousel.m */; };
		20E029561C0518DE00664BED /* MainCollectionDatasource.swift in Sources */ = {isa = PBXBuildFile; fileRef = 20E029551C0518DE00664BED /* MainCollectionDatasource.swift */; };
/* End PBXBuildFile section */

/* Begin PBXFileReference section */
		200A854B1C0200B200477933 /* InitialViewController.swift */ = {isa = PBXFileReference; fileEncoding = 4; lastKnownFileType = sourcecode.swift; path = InitialViewController.swift; sourceTree = "<group>"; };
		2025297F1C02079E00929C1F /* AVKit.framework */ = {isa = PBXFileReference; lastKnownFileType = wrapper.framework; name = AVKit.framework; path = System/Library/Frameworks/AVKit.framework; sourceTree = SDKROOT; };
		202529871C023E8D00929C1F /* tvOS-prototype-Bridging-Header.h */ = {isa = PBXFileReference; lastKnownFileType = sourcecode.c.h; path = "tvOS-prototype-Bridging-Header.h"; sourceTree = "<group>"; };
		2025298E1C02411C00929C1F /* TopCollectionDatasource.swift */ = {isa = PBXFileReference; fileEncoding = 4; lastKnownFileType = sourcecode.swift; path = TopCollectionDatasource.swift; sourceTree = "<group>"; };
		202529961C02436400929C1F /* test-landscape.mp4 */ = {isa = PBXFileReference; lastKnownFileType = file; name = "test-landscape.mp4"; path = "Assets/test-landscape.mp4"; sourceTree = "<group>"; };
		202529971C02436400929C1F /* Assets.xcassets */ = {isa = PBXFileReference; lastKnownFileType = folder.assetcatalog; name = Assets.xcassets; path = Assets/Assets.xcassets; sourceTree = "<group>"; };
		202529B81C050E1000929C1F /* InfiniteCarousel.swift */ = {isa = PBXFileReference; fileEncoding = 4; lastKnownFileType = sourcecode.swift; name = InfiniteCarousel.swift; path = External/InfiniteCarousel.swift; sourceTree = "<group>"; };
		208BDCFA1BFE6310008E4EA1 /* tvOS-prototype.app */ = {isa = PBXFileReference; explicitFileType = wrapper.application; includeInIndex = 0; path = "tvOS-prototype.app"; sourceTree = BUILT_PRODUCTS_DIR; };
		208BDCFD1BFE6310008E4EA1 /* AppDelegate.swift */ = {isa = PBXFileReference; lastKnownFileType = sourcecode.swift; path = AppDelegate.swift; sourceTree = "<group>"; };
		208BDCFF1BFE6310008E4EA1 /* MainViewController.swift */ = {isa = PBXFileReference; lastKnownFileType = sourcecode.swift; path = MainViewController.swift; sourceTree = "<group>"; };
		208BDD021BFE6310008E4EA1 /* Base */ = {isa = PBXFileReference; lastKnownFileType = file.storyboard; name = Base; path = Base.lproj/Main.storyboard; sourceTree = "<group>"; };
		208BDD061BFE6310008E4EA1 /* Info.plist */ = {isa = PBXFileReference; lastKnownFileType = text.plist.xml; path = Info.plist; sourceTree = "<group>"; };
		20E029521C05179800664BED /* iCarousel.h */ = {isa = PBXFileReference; fileEncoding = 4; lastKnownFileType = sourcecode.c.h; path = iCarousel.h; sourceTree = "<group>"; };
		20E029531C05179800664BED /* iCarousel.m */ = {isa = PBXFileReference; fileEncoding = 4; lastKnownFileType = sourcecode.c.objc; path = iCarousel.m; sourceTree = "<group>"; };
		20E029551C0518DE00664BED /* MainCollectionDatasource.swift */ = {isa = PBXFileReference; fileEncoding = 4; lastKnownFileType = sourcecode.swift; path = MainCollectionDatasource.swift; sourceTree = "<group>"; };
/* End PBXFileReference section */

/* Begin PBXFrameworksBuildPhase section */
		208BDCF71BFE6310008E4EA1 /* Frameworks */ = {
			isa = PBXFrameworksBuildPhase;
			buildActionMask = 2147483647;
			files = (
				202529801C02079E00929C1F /* AVKit.framework in Frameworks */,
			);
			runOnlyForDeploymentPostprocessing = 0;
		};
/* End PBXFrameworksBuildPhase section */

/* Begin PBXGroup section */
		200A854D1C0201D100477933 /* Assets */ = {
			isa = PBXGroup;
			children = (
				202529961C02436400929C1F /* test-landscape.mp4 */,
				202529971C02436400929C1F /* Assets.xcassets */,
				208BDD011BFE6310008E4EA1 /* Main.storyboard */,
			);
			name = Assets;
			sourceTree = "<group>";
		};
		2025297E1C02075700929C1F /* Frameworks */ = {
			isa = PBXGroup;
			children = (
				2025297F1C02079E00929C1F /* AVKit.framework */,
			);
			name = Frameworks;
			sourceTree = "<group>";
		};
		202529851C023E6B00929C1F /* External */ = {
			isa = PBXGroup;
			children = (
				20E029511C05179800664BED /* iCarousel */,
				202529B81C050E1000929C1F /* InfiniteCarousel.swift */,
			);
			name = External;
			sourceTree = "<group>";
		};
		2025298B1C023EA300929C1F /* Support Files */ = {
			isa = PBXGroup;
			children = (
				208BDD061BFE6310008E4EA1 /* Info.plist */,
				202529871C023E8D00929C1F /* tvOS-prototype-Bridging-Header.h */,
			);
			name = "Support Files";
			sourceTree = "<group>";
		};
		2025298C1C0240E100929C1F /* Controllers */ = {
			isa = PBXGroup;
			children = (
				2025298D1C0240FB00929C1F /* Datasources */,
				202529901C0241E500929C1F /* Delegates */,
				200A854B1C0200B200477933 /* InitialViewController.swift */,
				208BDCFF1BFE6310008E4EA1 /* MainViewController.swift */,
			);
			name = Controllers;
			sourceTree = "<group>";
		};
		2025298D1C0240FB00929C1F /* Datasources */ = {
			isa = PBXGroup;
			children = (
				2025298E1C02411C00929C1F /* TopCollectionDatasource.swift */,
				20E029551C0518DE00664BED /* MainCollectionDatasource.swift */,
			);
			name = Datasources;
			sourceTree = "<group>";
		};
		202529901C0241E500929C1F /* Delegates */ = {
			isa = PBXGroup;
			children = (
			);
			name = Delegates;
			sourceTree = "<group>";
		};
		208BDCF11BFE6310008E4EA1 = {
			isa = PBXGroup;
			children = (
				2025297E1C02075700929C1F /* Frameworks */,
				208BDCFC1BFE6310008E4EA1 /* tvOS-prototype */,
				208BDCFB1BFE6310008E4EA1 /* Products */,
			);
			sourceTree = "<group>";
		};
		208BDCFB1BFE6310008E4EA1 /* Products */ = {
			isa = PBXGroup;
			children = (
				208BDCFA1BFE6310008E4EA1 /* tvOS-prototype.app */,
			);
			name = Products;
			sourceTree = "<group>";
		};
		208BDCFC1BFE6310008E4EA1 /* tvOS-prototype */ = {
			isa = PBXGroup;
			children = (
				208BDCFD1BFE6310008E4EA1 /* AppDelegate.swift */,
				200A854D1C0201D100477933 /* Assets */,
				2025298C1C0240E100929C1F /* Controllers */,
				202529851C023E6B00929C1F /* External */,
				2025298B1C023EA300929C1F /* Support Files */,
			);
			path = "tvOS-prototype";
			sourceTree = "<group>";
		};
		20E029511C05179800664BED /* iCarousel */ = {
			isa = PBXGroup;
			children = (
				20E029521C05179800664BED /* iCarousel.h */,
				20E029531C05179800664BED /* iCarousel.m */,
			);
			name = iCarousel;
			path = External/iCarousel;
			sourceTree = "<group>";
		};
/* End PBXGroup section */

/* Begin PBXNativeTarget section */
		208BDCF91BFE6310008E4EA1 /* tvOS-prototype */ = {
			isa = PBXNativeTarget;
			buildConfigurationList = 208BDD091BFE6310008E4EA1 /* Build configuration list for PBXNativeTarget "tvOS-prototype" */;
			buildPhases = (
				208BDCF61BFE6310008E4EA1 /* Sources */,
				208BDCF71BFE6310008E4EA1 /* Frameworks */,
				208BDCF81BFE6310008E4EA1 /* Resources */,
			);
			buildRules = (
			);
			dependencies = (
			);
			name = "tvOS-prototype";
			productName = "tvOS-prototype";
			productReference = 208BDCFA1BFE6310008E4EA1 /* tvOS-prototype.app */;
			productType = "com.apple.product-type.application";
		};
/* End PBXNativeTarget section */

/* Begin PBXProject section */
		208BDCF21BFE6310008E4EA1 /* Project object */ = {
			isa = PBXProject;
			attributes = {
				LastSwiftUpdateCheck = 0710;
				LastUpgradeCheck = 0710;
				ORGANIZATIONNAME = "Adriano Goncalves";
				TargetAttributes = {
					208BDCF91BFE6310008E4EA1 = {
						CreatedOnToolsVersion = 7.1;
					};
				};
			};
			buildConfigurationList = 208BDCF51BFE6310008E4EA1 /* Build configuration list for PBXProject "tvOS-prototype" */;
			compatibilityVersion = "Xcode 3.2";
			developmentRegion = English;
			hasScannedForEncodings = 0;
			knownRegions = (
				en,
				Base,
			);
			mainGroup = 208BDCF11BFE6310008E4EA1;
			productRefGroup = 208BDCFB1BFE6310008E4EA1 /* Products */;
			projectDirPath = "";
			projectRoot = "";
			targets = (
				208BDCF91BFE6310008E4EA1 /* tvOS-prototype */,
			);
		};
/* End PBXProject section */

/* Begin PBXResourcesBuildPhase section */
		208BDCF81BFE6310008E4EA1 /* Resources */ = {
			isa = PBXResourcesBuildPhase;
			buildActionMask = 2147483647;
			files = (
				2025299B1C02436400929C1F /* test-landscape.mp4 in Resources */,
				2025299C1C02436400929C1F /* Assets.xcassets in Resources */,
				208BDD031BFE6310008E4EA1 /* Main.storyboard in Resources */,
			);
			runOnlyForDeploymentPostprocessing = 0;
		};
/* End PBXResourcesBuildPhase section */

/* Begin PBXSourcesBuildPhase section */
		208BDCF61BFE6310008E4EA1 /* Sources */ = {
			isa = PBXSourcesBuildPhase;
			buildActionMask = 2147483647;
			files = (
				202529B91C050E1000929C1F /* InfiniteCarousel.swift in Sources */,
				200A854C1C0200B200477933 /* InitialViewController.swift in Sources */,
				2025298F1C02411C00929C1F /* TopCollectionDatasource.swift in Sources */,
				208BDD001BFE6310008E4EA1 /* MainViewController.swift in Sources */,
				20E029541C05179800664BED /* iCarousel.m in Sources */,
				208BDCFE1BFE6310008E4EA1 /* AppDelegate.swift in Sources */,
				20E029561C0518DE00664BED /* MainCollectionDatasource.swift in Sources */,
			);
			runOnlyForDeploymentPostprocessing = 0;
		};
/* End PBXSourcesBuildPhase section */

/* Begin PBXVariantGroup section */
		208BDD011BFE6310008E4EA1 /* Main.storyboard */ = {
			isa = PBXVariantGroup;
			children = (
				208BDD021BFE6310008E4EA1 /* Base */,
			);
			name = Main.storyboard;
			sourceTree = "<group>";
		};
/* End PBXVariantGroup section */

/* Begin XCBuildConfiguration section */
		208BDD071BFE6310008E4EA1 /* Debug */ = {
			isa = XCBuildConfiguration;
			buildSettings = {
				ALWAYS_SEARCH_USER_PATHS = NO;
				CLANG_CXX_LANGUAGE_STANDARD = "gnu++0x";
				CLANG_CXX_LIBRARY = "libc++";
				CLANG_ENABLE_MODULES = YES;
				CLANG_ENABLE_OBJC_ARC = YES;
				CLANG_WARN_BOOL_CONVERSION = YES;
				CLANG_WARN_CONSTANT_CONVERSION = YES;
				CLANG_WARN_DIRECT_OBJC_ISA_USAGE = YES_ERROR;
				CLANG_WARN_EMPTY_BODY = YES;
				CLANG_WARN_ENUM_CONVERSION = YES;
				CLANG_WARN_INT_CONVERSION = YES;
				CLANG_WARN_OBJC_ROOT_CLASS = YES_ERROR;
				CLANG_WARN_UNREACHABLE_CODE = YES;
				CLANG_WARN__DUPLICATE_METHOD_MATCH = YES;
				COPY_PHASE_STRIP = NO;
				DEBUG_INFORMATION_FORMAT = dwarf;
				ENABLE_STRICT_OBJC_MSGSEND = YES;
				ENABLE_TESTABILITY = YES;
				GCC_C_LANGUAGE_STANDARD = gnu99;
				GCC_DYNAMIC_NO_PIC = NO;
				GCC_NO_COMMON_BLOCKS = YES;
				GCC_OPTIMIZATION_LEVEL = 0;
				GCC_PREPROCESSOR_DEFINITIONS = (
					"DEBUG=1",
					"$(inherited)",
				);
				GCC_WARN_64_TO_32_BIT_CONVERSION = YES;
				GCC_WARN_ABOUT_RETURN_TYPE = YES_ERROR;
				GCC_WARN_UNDECLARED_SELECTOR = YES;
				GCC_WARN_UNINITIALIZED_AUTOS = YES_AGGRESSIVE;
				GCC_WARN_UNUSED_FUNCTION = YES;
				GCC_WARN_UNUSED_VARIABLE = YES;
				MTL_ENABLE_DEBUG_INFO = YES;
				ONLY_ACTIVE_ARCH = YES;
				SDKROOT = appletvos;
				SWIFT_OPTIMIZATION_LEVEL = "-Onone";
				TARGETED_DEVICE_FAMILY = 3;
				TVOS_DEPLOYMENT_TARGET = 9.0;
			};
			name = Debug;
		};
		208BDD081BFE6310008E4EA1 /* Release */ = {
			isa = XCBuildConfiguration;
			buildSettings = {
				ALWAYS_SEARCH_USER_PATHS = NO;
				CLANG_CXX_LANGUAGE_STANDARD = "gnu++0x";
				CLANG_CXX_LIBRARY = "libc++";
				CLANG_ENABLE_MODULES = YES;
				CLANG_ENABLE_OBJC_ARC = YES;
				CLANG_WARN_BOOL_CONVERSION = YES;
				CLANG_WARN_CONSTANT_CONVERSION = YES;
				CLANG_WARN_DIRECT_OBJC_ISA_USAGE = YES_ERROR;
				CLANG_WARN_EMPTY_BODY = YES;
				CLANG_WARN_ENUM_CONVERSION = YES;
				CLANG_WARN_INT_CONVERSION = YES;
				CLANG_WARN_OBJC_ROOT_CLASS = YES_ERROR;
				CLANG_WARN_UNREACHABLE_CODE = YES;
				CLANG_WARN__DUPLICATE_METHOD_MATCH = YES;
				COPY_PHASE_STRIP = NO;
				DEBUG_INFORMATION_FORMAT = "dwarf-with-dsym";
				ENABLE_NS_ASSERTIONS = NO;
				ENABLE_STRICT_OBJC_MSGSEND = YES;
				GCC_C_LANGUAGE_STANDARD = gnu99;
				GCC_NO_COMMON_BLOCKS = YES;
				GCC_WARN_64_TO_32_BIT_CONVERSION = YES;
				GCC_WARN_ABOUT_RETURN_TYPE = YES_ERROR;
				GCC_WARN_UNDECLARED_SELECTOR = YES;
				GCC_WARN_UNINITIALIZED_AUTOS = YES_AGGRESSIVE;
				GCC_WARN_UNUSED_FUNCTION = YES;
				GCC_WARN_UNUSED_VARIABLE = YES;
				MTL_ENABLE_DEBUG_INFO = NO;
				SDKROOT = appletvos;
				TARGETED_DEVICE_FAMILY = 3;
				TVOS_DEPLOYMENT_TARGET = 9.0;
				VALIDATE_PRODUCT = YES;
			};
			name = Release;
		};
		208BDD0A1BFE6310008E4EA1 /* Debug */ = {
			isa = XCBuildConfiguration;
			buildSettings = {
				ASSETCATALOG_COMPILER_APPICON_NAME = "App Icon & Top Shelf Image";
				ASSETCATALOG_COMPILER_LAUNCHIMAGE_NAME = LaunchImage;
				CLANG_ENABLE_MODULES = YES;
				INFOPLIST_FILE = "tvOS-prototype/Info.plist";
				LD_RUNPATH_SEARCH_PATHS = "$(inherited) @executable_path/Frameworks";
				PRODUCT_BUNDLE_IDENTIFIER = "com.amg.tvOS-prototype";
				PRODUCT_NAME = "$(TARGET_NAME)";
				SWIFT_OBJC_BRIDGING_HEADER = "tvOS-prototype/tvOS-prototype-Bridging-Header.h";
				SWIFT_OPTIMIZATION_LEVEL = "-Onone";
			};
			name = Debug;
		};
		208BDD0B1BFE6310008E4EA1 /* Release */ = {
			isa = XCBuildConfiguration;
			buildSettings = {
				ASSETCATALOG_COMPILER_APPICON_NAME = "App Icon & Top Shelf Image";
				ASSETCATALOG_COMPILER_LAUNCHIMAGE_NAME = LaunchImage;
				CLANG_ENABLE_MODULES = YES;
				INFOPLIST_FILE = "tvOS-prototype/Info.plist";
				LD_RUNPATH_SEARCH_PATHS = "$(inherited) @executable_path/Frameworks";
				PRODUCT_BUNDLE_IDENTIFIER = "com.amg.tvOS-prototype";
				PRODUCT_NAME = "$(TARGET_NAME)";
				SWIFT_OBJC_BRIDGING_HEADER = "tvOS-prototype/tvOS-prototype-Bridging-Header.h";
			};
			name = Release;
		};
/* End XCBuildConfiguration section */

/* Begin XCConfigurationList section */
		208BDCF51BFE6310008E4EA1 /* Build configuration list for PBXProject "tvOS-prototype" */ = {
			isa = XCConfigurationList;
			buildConfigurations = (
				208BDD071BFE6310008E4EA1 /* Debug */,
				208BDD081BFE6310008E4EA1 /* Release */,
			);
			defaultConfigurationIsVisible = 0;
			defaultConfigurationName = Release;
		};
		208BDD091BFE6310008E4EA1 /* Build configuration list for PBXNativeTarget "tvOS-prototype" */ = {
			isa = XCConfigurationList;
			buildConfigurations = (
				208BDD0A1BFE6310008E4EA1 /* Debug */,
				208BDD0B1BFE6310008E4EA1 /* Release */,
			);
			defaultConfigurationIsVisible = 0;
			defaultConfigurationName = Release;
		};
/* End XCConfigurationList section */
	};
	rootObject = 208BDCF21BFE6310008E4EA1 /* Project object */;
}
